
Microsoft Visual Studio Solution File, Format Version 12.00
# Visual Studio Version 16
VisualStudioVersion = 16.0.30011.22
MinimumVisualStudioVersion = 10.0.40219.1
Project("{9A19103F-16F7-4668-BE54-9A1E7A4F7556}") = "Core_ClassLib", "Core\Core_ClassLib\Core_ClassLib.csproj", "{CE7CF638-8295-4B6B-BDE9-7CF44E586E05}"
EndProject
Project("{9A19103F-16F7-4668-BE54-9A1E7A4F7556}") = "Core_Web", "Core\Core_Web\Core_Web.csproj", "{437F5EDF-3909-4CB9-96E5-CBED6BC65AE8}"
EndProject
Project("{2150E333-8FDC-42A3-9474-1A3956D46DE8}") = "Solution Items", "Solution Items", "{DE994AAD-80B1-4B88-8F5E-5ADBC3CA6823}"
	ProjectSection(SolutionItems) = preProject
		Core\.dockerignore = Core\.dockerignore
		Core\Dockerfile = Core\Dockerfile
	EndProjectSection
EndProject
Project("{FAE04EC0-301F-11D3-BF4B-00C04F79EFBC}") = "Framework_Web", "Framework\Framework_Web\Framework_Web.csproj", "{2ACC1DC0-8ECB-4732-A0FA-DD0402D89A3D}"
EndProject
Project("{FAE04EC0-301F-11D3-BF4B-00C04F79EFBC}") = "Framework_ClassLib", "Framework\Framework_ClassLib\Framework_ClassLib.csproj", "{8AB5D773-6543-49A7-903C-BDB118235FE8}"
EndProject
Global
	GlobalSection(SolutionConfigurationPlatforms) = preSolution
		Debug|Any CPU = Debug|Any CPU
		Release|Any CPU = Release|Any CPU
	EndGlobalSection
	GlobalSection(ProjectConfigurationPlatforms) = postSolution
		{CE7CF638-8295-4B6B-BDE9-7CF44E586E05}.Debug|Any CPU.ActiveCfg = Debug|Any CPU
		{CE7CF638-8295-4B6B-BDE9-7CF44E586E05}.Debug|Any CPU.Build.0 = Debug|Any CPU
		{CE7CF638-8295-4B6B-BDE9-7CF44E586E05}.Release|Any CPU.ActiveCfg = Release|Any CPU
		{CE7CF638-8295-4B6B-BDE9-7CF44E586E05}.Release|Any CPU.Build.0 = Release|Any CPU
		{437F5EDF-3909-4CB9-96E5-CBED6BC65AE8}.Debug|Any CPU.ActiveCfg = Debug|Any CPU
		{437F5EDF-3909-4CB9-96E5-CBED6BC65AE8}.Debug|Any CPU.Build.0 = Debug|Any CPU
		{437F5EDF-3909-4CB9-96E5-CBED6BC65AE8}.Release|Any CPU.ActiveCfg = Release|Any CPU
		{437F5EDF-3909-4CB9-96E5-CBED6BC65AE8}.Release|Any CPU.Build.0 = Release|Any CPU
		{2ACC1DC0-8ECB-4732-A0FA-DD0402D89A3D}.Debug|Any CPU.ActiveCfg = Debug|Any CPU
		{2ACC1DC0-8ECB-4732-A0FA-DD0402D89A3D}.Debug|Any CPU.Build.0 = Debug|Any CPU
		{2ACC1DC0-8ECB-4732-A0FA-DD0402D89A3D}.Release|Any CPU.ActiveCfg = Release|Any CPU
		{2ACC1DC0-8ECB-4732-A0FA-DD0402D89A3D}.Release|Any CPU.Build.0 = Release|Any CPU
		{8AB5D773-6543-49A7-903C-BDB118235FE8}.Debug|Any CPU.ActiveCfg = Debug|Any CPU
		{8AB5D773-6543-49A7-903C-BDB118235FE8}.Debug|Any CPU.Build.0 = Debug|Any CPU
		{8AB5D773-6543-49A7-903C-BDB118235FE8}.Release|Any CPU.ActiveCfg = Release|Any CPU
		{8AB5D773-6543-49A7-903C-BDB118235FE8}.Release|Any CPU.Build.0 = Release|Any CPU
	EndGlobalSection
	GlobalSection(SolutionProperties) = preSolution
		HideSolutionNode = FALSE
	EndGlobalSection
	GlobalSection(ExtensibilityGlobals) = postSolution
		SolutionGuid = {189CAE4C-8747-4772-A243-C75623C0B8D7}
	EndGlobalSection
EndGlobal
